# This file is automatically @generated by Cargo.
# It is not intended for manual editing.
version = 4

[[package]]
name = "aws-iot-securetunneling-localproxy"
version = "0.1.0"

[[package]]
name = "aws-iot-securetunneling-localproxy-cli"
version = "0.1.0"
dependencies = [
 "aws-iot-securetunneling-localproxy",
]
